
Microsoft Visual Studio Solution File, Format Version 12.00
# Visual Studio Version 17
VisualStudioVersion = 17.8.34525.116
MinimumVisualStudioVersion = 10.0.40219.1
Project("{9A19103F-16F7-4668-BE54-9A1E7A4F7556}") = "Student_Management_Portal", "Student_Management_Portal\Student_Management_Portal.csproj", "{29659E70-FAC8-462A-9A2F-686CFD7025D4}"
EndProject
Project("{54A90642-561A-4BB1-A94E-469ADEE60C69}") = "student_frontend", "Student_Frontend\student_frontend.esproj", "{0D5E3F5A-A947-4DD6-B027-1FFE5A540AE1}"
EndProject
Global
	GlobalSection(SolutionConfigurationPlatforms) = preSolution
		Debug|Any CPU = Debug|Any CPU
		Release|Any CPU = Release|Any CPU
	EndGlobalSection
	GlobalSection(ProjectConfigurationPlatforms) = postSolution
		{29659E70-FAC8-462A-9A2F-686CFD7025D4}.Debug|Any CPU.ActiveCfg = Debug|Any CPU
		{29659E70-FAC8-462A-9A2F-686CFD7025D4}.Debug|Any CPU.Build.0 = Debug|Any CPU
		{29659E70-FAC8-462A-9A2F-686CFD7025D4}.Release|Any CPU.ActiveCfg = Release|Any CPU
		{29659E70-FAC8-462A-9A2F-686CFD7025D4}.Release|Any CPU.Build.0 = Release|Any CPU
		{0D5E3F5A-A947-4DD6-B027-1FFE5A540AE1}.Debug|Any CPU.ActiveCfg = Debug|Any CPU
		{0D5E3F5A-A947-4DD6-B027-1FFE5A540AE1}.Debug|Any CPU.Build.0 = Debug|Any CPU
		{0D5E3F5A-A947-4DD6-B027-1FFE5A540AE1}.Debug|Any CPU.Deploy.0 = Debug|Any CPU
		{0D5E3F5A-A947-4DD6-B027-1FFE5A540AE1}.Release|Any CPU.ActiveCfg = Release|Any CPU
		{0D5E3F5A-A947-4DD6-B027-1FFE5A540AE1}.Release|Any CPU.Build.0 = Release|Any CPU
		{0D5E3F5A-A947-4DD6-B027-1FFE5A540AE1}.Release|Any CPU.Deploy.0 = Release|Any CPU
	EndGlobalSection
	GlobalSection(SolutionProperties) = preSolution
		HideSolutionNode = FALSE
	EndGlobalSection
	GlobalSection(ExtensibilityGlobals) = postSolution
		SolutionGuid = {11A72891-7A5A-45FA-A170-6A4FE1BBFEB9}
	EndGlobalSection
EndGlobal
